
Microsoft Visual Studio Solution File, Format Version 12.00
# Visual Studio Version 16
VisualStudioVersion = 16.0.29905.134
MinimumVisualStudioVersion = 10.0.40219.1
Project("{9A19103F-16F7-4668-BE54-9A1E7A4F7556}") = "HardwareSvr", "HardwareSvr.csproj", "{89D5CFB0-913B-426C-B352-BFF5A87EB3EC}"
EndProject
Global
	GlobalSection(SolutionConfigurationPlatforms) = preSolution
		Debug|Any CPU = Debug|Any CPU
		Release|Any CPU = Release|Any CPU
	EndGlobalSection
	GlobalSection(ProjectConfigurationPlatforms) = postSolution
		{89D5CFB0-913B-426C-B352-BFF5A87EB3EC}.Debug|Any CPU.ActiveCfg = Debug|Any CPU
		{89D5CFB0-913B-426C-B352-BFF5A87EB3EC}.Debug|Any CPU.Build.0 = Debug|Any CPU
		{89D5CFB0-913B-426C-B352-BFF5A87EB3EC}.Release|Any CPU.ActiveCfg = Release|Any CPU
		{89D5CFB0-913B-426C-B352-BFF5A87EB3EC}.Release|Any CPU.Build.0 = Release|Any CPU
	EndGlobalSection
	GlobalSection(SolutionProperties) = preSolution
		HideSolutionNode = FALSE
	EndGlobalSection
	GlobalSection(ExtensibilityGlobals) = postSolution
		SolutionGuid = {73BCB315-51B4-48D1-B20C-542BE8F58B25}
	EndGlobalSection
EndGlobal
